
Microsoft Visual Studio Solution File, Format Version 12.00
# Visual Studio Version 17
VisualStudioVersion = 17.11.35222.181
MinimumVisualStudioVersion = 10.0.40219.1
Project("{FAE04EC0-301F-11D3-BF4B-00C04F79EFBC}") = "BookManager.web", "BookManager.web\BookManager.web.csproj", "{7747BAEF-63EF-47FA-859F-49ED8D8EF2AD}"
EndProject
Global
	GlobalSection(SolutionConfigurationPlatforms) = preSolution
		Debug|Any CPU = Debug|Any CPU
		Release|Any CPU = Release|Any CPU
	EndGlobalSection
	GlobalSection(ProjectConfigurationPlatforms) = postSolution
		{7747BAEF-63EF-47FA-859F-49ED8D8EF2AD}.Debug|Any CPU.ActiveCfg = Debug|Any CPU
		{7747BAEF-63EF-47FA-859F-49ED8D8EF2AD}.Debug|Any CPU.Build.0 = Debug|Any CPU
		{7747BAEF-63EF-47FA-859F-49ED8D8EF2AD}.Release|Any CPU.ActiveCfg = Release|Any CPU
		{7747BAEF-63EF-47FA-859F-49ED8D8EF2AD}.Release|Any CPU.Build.0 = Release|Any CPU
	EndGlobalSection
	GlobalSection(SolutionProperties) = preSolution
		HideSolutionNode = FALSE
	EndGlobalSection
	GlobalSection(ExtensibilityGlobals) = postSolution
		SolutionGuid = {88A93C23-4F9E-4141-8155-CCDDB00C8421}
	EndGlobalSection
EndGlobal
